
Microsoft Visual Studio Solution File, Format Version 12.00
# Visual Studio Version 16
VisualStudioVersion = 16.0.31729.503
MinimumVisualStudioVersion = 10.0.40219.1
Project("{2150E333-8FDC-42A3-9474-1A3956D46DE8}") = "src", "src", "{380FEE40-40C6-46F4-8BD1-BF1F9CC99C27}"
EndProject
Project("{2150E333-8FDC-42A3-9474-1A3956D46DE8}") = "Solution Items", "Solution Items", "{E829966A-8C13-44C4-B5D4-218066330797}"
EndProject
Project("{2150E333-8FDC-42A3-9474-1A3956D46DE8}") = "IdentityServer", "IdentityServer", "{C5232BDC-EC0C-4A5A-8AFD-BB632292464E}"
EndProject
Project("{9A19103F-16F7-4668-BE54-9A1E7A4F7556}") = "BeYourRestaurant.Platform.Core", "BeYourRestaurant.Platform.Core\BeYourRestaurant.Platform.Core.csproj", "{61179B97-3CF2-41B2-A9D1-101292A9537F}"
EndProject
Project("{2150E333-8FDC-42A3-9474-1A3956D46DE8}") = "User", "User", "{6844BBCF-8ECD-49C3-84A0-3334891E0CA9}"
EndProject
Project("{9A19103F-16F7-4668-BE54-9A1E7A4F7556}") = "BeYourRestaurant.Platform.User.API", "BeYourRestaurant.Platform.User.API\BeYourRestaurant.Platform.User.API.csproj", "{7D69C044-0F71-42BD-B062-74A18C4E8BFB}"
EndProject
Project("{9A19103F-16F7-4668-BE54-9A1E7A4F7556}") = "BeYourRestaurant.Platform.User.Domain", "BeYourRestaurant.Platform.User.Domain\BeYourRestaurant.Platform.User.Domain.csproj", "{4EB50CF4-7104-4AB9-9DEF-AC852C132862}"
EndProject
Project("{9A19103F-16F7-4668-BE54-9A1E7A4F7556}") = "BeYourRestaurant.Platform.User.Repository", "BeYourRestaurant.Platform.User.Repository\BeYourRestaurant.Platform.User.Repository.csproj", "{6C827AA7-124C-42AE-B761-247EE4D98C12}"
EndProject
Project("{9A19103F-16F7-4668-BE54-9A1E7A4F7556}") = "BeYourRestaurant.Platform.Core.Postgres", "BeYourRestaurant.Platform.Core.Postgres\BeYourRestaurant.Platform.Core.Postgres.csproj", "{95B6375B-CFE0-42AA-9538-9A67E6EC9911}"
EndProject
Project("{2150E333-8FDC-42A3-9474-1A3956D46DE8}") = "_Common", "_Common", "{362D79E4-9653-4A49-AC05-21D74A824A83}"
EndProject
Project("{2150E333-8FDC-42A3-9474-1A3956D46DE8}") = "src", "src", "{55D95BEE-EC67-4847-A4CD-50E6483B63F1}"
EndProject
Project("{2150E333-8FDC-42A3-9474-1A3956D46DE8}") = "test", "test", "{39228338-5777-4285-9305-8B088F82035B}"
EndProject
Project("{2150E333-8FDC-42A3-9474-1A3956D46DE8}") = "src", "src", "{1471A181-83B1-47C2-93D0-55A8BF9F28C4}"
EndProject
Project("{2150E333-8FDC-42A3-9474-1A3956D46DE8}") = "test", "test", "{F1BCC68D-6310-4650-98D7-D60CB3F6A02F}"
EndProject
Project("{9A19103F-16F7-4668-BE54-9A1E7A4F7556}") = "BeYourRestaurant.Platform.Identity", "BeYourRestaurant.Platform.Identity\BeYourRestaurant.Platform.Identity.csproj", "{2B44044A-4958-47D3-8C6E-FAF6CDEAC397}"
EndProject
Project("{9A19103F-16F7-4668-BE54-9A1E7A4F7556}") = "BeYourRestaurant.Platform.Identity.Domain", "BeYourRestaurant.Platform.Identity.Domain\BeYourRestaurant.Platform.Identity.Domain.csproj", "{C4F4F611-B297-4413-AB33-92CC7B8D27AD}"
EndProject
Project("{9A19103F-16F7-4668-BE54-9A1E7A4F7556}") = "BeYourRestaurant.Platform.User.Service", "BeYourRestaurant.Platform.User.Service\BeYourRestaurant.Platform.User.Service.csproj", "{D4CCBFEE-B7C3-4D09-B5CD-AB9A32C28C01}"
EndProject
Project("{FAE04EC0-301F-11D3-BF4B-00C04F79EFBC}") = "BeYourRestaurant.Platform.Core.API", "BeYourRestaurant.Platform.Core.API\BeYourRestaurant.Platform.Core.API.csproj", "{EBD76DE4-0DC0-494C-9BBA-59E12F747A54}"
EndProject
Global
	GlobalSection(SolutionConfigurationPlatforms) = preSolution
		Debug|Any CPU = Debug|Any CPU
		Release|Any CPU = Release|Any CPU
	EndGlobalSection
	GlobalSection(ProjectConfigurationPlatforms) = postSolution
		{61179B97-3CF2-41B2-A9D1-101292A9537F}.Debug|Any CPU.ActiveCfg = Debug|Any CPU
		{61179B97-3CF2-41B2-A9D1-101292A9537F}.Debug|Any CPU.Build.0 = Debug|Any CPU
		{61179B97-3CF2-41B2-A9D1-101292A9537F}.Release|Any CPU.ActiveCfg = Release|Any CPU
		{61179B97-3CF2-41B2-A9D1-101292A9537F}.Release|Any CPU.Build.0 = Release|Any CPU
		{7D69C044-0F71-42BD-B062-74A18C4E8BFB}.Debug|Any CPU.ActiveCfg = Debug|Any CPU
		{7D69C044-0F71-42BD-B062-74A18C4E8BFB}.Debug|Any CPU.Build.0 = Debug|Any CPU
		{7D69C044-0F71-42BD-B062-74A18C4E8BFB}.Release|Any CPU.ActiveCfg = Release|Any CPU
		{7D69C044-0F71-42BD-B062-74A18C4E8BFB}.Release|Any CPU.Build.0 = Release|Any CPU
		{4EB50CF4-7104-4AB9-9DEF-AC852C132862}.Debug|Any CPU.ActiveCfg = Debug|Any CPU
		{4EB50CF4-7104-4AB9-9DEF-AC852C132862}.Debug|Any CPU.Build.0 = Debug|Any CPU
		{4EB50CF4-7104-4AB9-9DEF-AC852C132862}.Release|Any CPU.ActiveCfg = Release|Any CPU
		{4EB50CF4-7104-4AB9-9DEF-AC852C132862}.Release|Any CPU.Build.0 = Release|Any CPU
		{6C827AA7-124C-42AE-B761-247EE4D98C12}.Debug|Any CPU.ActiveCfg = Debug|Any CPU
		{6C827AA7-124C-42AE-B761-247EE4D98C12}.Debug|Any CPU.Build.0 = Debug|Any CPU
		{6C827AA7-124C-42AE-B761-247EE4D98C12}.Release|Any CPU.ActiveCfg = Release|Any CPU
		{6C827AA7-124C-42AE-B761-247EE4D98C12}.Release|Any CPU.Build.0 = Release|Any CPU
		{95B6375B-CFE0-42AA-9538-9A67E6EC9911}.Debug|Any CPU.ActiveCfg = Debug|Any CPU
		{95B6375B-CFE0-42AA-9538-9A67E6EC9911}.Debug|Any CPU.Build.0 = Debug|Any CPU
		{95B6375B-CFE0-42AA-9538-9A67E6EC9911}.Release|Any CPU.ActiveCfg = Release|Any CPU
		{95B6375B-CFE0-42AA-9538-9A67E6EC9911}.Release|Any CPU.Build.0 = Release|Any CPU
		{2B44044A-4958-47D3-8C6E-FAF6CDEAC397}.Debug|Any CPU.ActiveCfg = Debug|Any CPU
		{2B44044A-4958-47D3-8C6E-FAF6CDEAC397}.Debug|Any CPU.Build.0 = Debug|Any CPU
		{2B44044A-4958-47D3-8C6E-FAF6CDEAC397}.Release|Any CPU.ActiveCfg = Release|Any CPU
		{2B44044A-4958-47D3-8C6E-FAF6CDEAC397}.Release|Any CPU.Build.0 = Release|Any CPU
		{C4F4F611-B297-4413-AB33-92CC7B8D27AD}.Debug|Any CPU.ActiveCfg = Debug|Any CPU
		{C4F4F611-B297-4413-AB33-92CC7B8D27AD}.Debug|Any CPU.Build.0 = Debug|Any CPU
		{C4F4F611-B297-4413-AB33-92CC7B8D27AD}.Release|Any CPU.ActiveCfg = Release|Any CPU
		{C4F4F611-B297-4413-AB33-92CC7B8D27AD}.Release|Any CPU.Build.0 = Release|Any CPU
		{D4CCBFEE-B7C3-4D09-B5CD-AB9A32C28C01}.Debug|Any CPU.ActiveCfg = Debug|Any CPU
		{D4CCBFEE-B7C3-4D09-B5CD-AB9A32C28C01}.Debug|Any CPU.Build.0 = Debug|Any CPU
		{D4CCBFEE-B7C3-4D09-B5CD-AB9A32C28C01}.Release|Any CPU.ActiveCfg = Release|Any CPU
		{D4CCBFEE-B7C3-4D09-B5CD-AB9A32C28C01}.Release|Any CPU.Build.0 = Release|Any CPU
		{EBD76DE4-0DC0-494C-9BBA-59E12F747A54}.Debug|Any CPU.ActiveCfg = Debug|Any CPU
		{EBD76DE4-0DC0-494C-9BBA-59E12F747A54}.Debug|Any CPU.Build.0 = Debug|Any CPU
		{EBD76DE4-0DC0-494C-9BBA-59E12F747A54}.Release|Any CPU.ActiveCfg = Release|Any CPU
		{EBD76DE4-0DC0-494C-9BBA-59E12F747A54}.Release|Any CPU.Build.0 = Release|Any CPU
	EndGlobalSection
	GlobalSection(SolutionProperties) = preSolution
		HideSolutionNode = FALSE
	EndGlobalSection
	GlobalSection(NestedProjects) = preSolution
		{C5232BDC-EC0C-4A5A-8AFD-BB632292464E} = {380FEE40-40C6-46F4-8BD1-BF1F9CC99C27}
		{61179B97-3CF2-41B2-A9D1-101292A9537F} = {362D79E4-9653-4A49-AC05-21D74A824A83}
		{6844BBCF-8ECD-49C3-84A0-3334891E0CA9} = {380FEE40-40C6-46F4-8BD1-BF1F9CC99C27}
		{7D69C044-0F71-42BD-B062-74A18C4E8BFB} = {55D95BEE-EC67-4847-A4CD-50E6483B63F1}
		{4EB50CF4-7104-4AB9-9DEF-AC852C132862} = {55D95BEE-EC67-4847-A4CD-50E6483B63F1}
		{6C827AA7-124C-42AE-B761-247EE4D98C12} = {55D95BEE-EC67-4847-A4CD-50E6483B63F1}
		{95B6375B-CFE0-42AA-9538-9A67E6EC9911} = {362D79E4-9653-4A49-AC05-21D74A824A83}
		{362D79E4-9653-4A49-AC05-21D74A824A83} = {380FEE40-40C6-46F4-8BD1-BF1F9CC99C27}
		{55D95BEE-EC67-4847-A4CD-50E6483B63F1} = {6844BBCF-8ECD-49C3-84A0-3334891E0CA9}
		{39228338-5777-4285-9305-8B088F82035B} = {6844BBCF-8ECD-49C3-84A0-3334891E0CA9}
		{1471A181-83B1-47C2-93D0-55A8BF9F28C4} = {C5232BDC-EC0C-4A5A-8AFD-BB632292464E}
		{F1BCC68D-6310-4650-98D7-D60CB3F6A02F} = {C5232BDC-EC0C-4A5A-8AFD-BB632292464E}
		{2B44044A-4958-47D3-8C6E-FAF6CDEAC397} = {1471A181-83B1-47C2-93D0-55A8BF9F28C4}
		{C4F4F611-B297-4413-AB33-92CC7B8D27AD} = {1471A181-83B1-47C2-93D0-55A8BF9F28C4}
		{D4CCBFEE-B7C3-4D09-B5CD-AB9A32C28C01} = {55D95BEE-EC67-4847-A4CD-50E6483B63F1}
		{EBD76DE4-0DC0-494C-9BBA-59E12F747A54} = {362D79E4-9653-4A49-AC05-21D74A824A83}
	EndGlobalSection
	GlobalSection(ExtensibilityGlobals) = postSolution
		SolutionGuid = {CB3F13CF-2BD7-481E-A74D-173F5FC44A1D}
	EndGlobalSection
EndGlobal
